
Microsoft Visual Studio Solution File, Format Version 12.00
# Visual Studio Version 17
VisualStudioVersion = 17.13.35806.99 d17.13
MinimumVisualStudioVersion = 10.0.40219.1
Project("{FAE04EC0-301F-11D3-BF4B-00C04F79EFBC}") = "RentACar", "RentACar.csproj", "{2F94C78E-1F3D-427D-97F7-2E8B869AAFEB}"
EndProject
Global
	GlobalSection(SolutionConfigurationPlatforms) = preSolution
		Debug|Any CPU = Debug|Any CPU
		Release|Any CPU = Release|Any CPU
	EndGlobalSection
	GlobalSection(ProjectConfigurationPlatforms) = postSolution
		{2F94C78E-1F3D-427D-97F7-2E8B869AAFEB}.Debug|Any CPU.ActiveCfg = Debug|Any CPU
		{2F94C78E-1F3D-427D-97F7-2E8B869AAFEB}.Debug|Any CPU.Build.0 = Debug|Any CPU
		{2F94C78E-1F3D-427D-97F7-2E8B869AAFEB}.Release|Any CPU.ActiveCfg = Release|Any CPU
		{2F94C78E-1F3D-427D-97F7-2E8B869AAFEB}.Release|Any CPU.Build.0 = Release|Any CPU
	EndGlobalSection
	GlobalSection(SolutionProperties) = preSolution
		HideSolutionNode = FALSE
	EndGlobalSection
	GlobalSection(ExtensibilityGlobals) = postSolution
		SolutionGuid = {6BAA3210-03A4-475B-B1E4-B6FE40E11BDA}
	EndGlobalSection
EndGlobal
